
Microsoft Visual Studio Solution File, Format Version 12.00
# Visual Studio Version 17
VisualStudioVersion = 17.8.34511.84
MinimumVisualStudioVersion = 10.0.40219.1
Project("{9A19103F-16F7-4668-BE54-9A1E7A4F7556}") = "Ages", "Ages\Ages.csproj", "{EC7EE15F-3DFA-465F-B4E9-9B38A2C9DFDE}"
EndProject
Global
	GlobalSection(SolutionConfigurationPlatforms) = preSolution
		Debug|Any CPU = Debug|Any CPU
		Release|Any CPU = Release|Any CPU
	EndGlobalSection
	GlobalSection(ProjectConfigurationPlatforms) = postSolution
		{EC7EE15F-3DFA-465F-B4E9-9B38A2C9DFDE}.Debug|Any CPU.ActiveCfg = Debug|Any CPU
		{EC7EE15F-3DFA-465F-B4E9-9B38A2C9DFDE}.Debug|Any CPU.Build.0 = Debug|Any CPU
		{EC7EE15F-3DFA-465F-B4E9-9B38A2C9DFDE}.Release|Any CPU.ActiveCfg = Release|Any CPU
		{EC7EE15F-3DFA-465F-B4E9-9B38A2C9DFDE}.Release|Any CPU.Build.0 = Release|Any CPU
	EndGlobalSection
	GlobalSection(SolutionProperties) = preSolution
		HideSolutionNode = FALSE
	EndGlobalSection
	GlobalSection(ExtensibilityGlobals) = postSolution
		SolutionGuid = {F5538DBB-B992-403A-9AD3-BEA5EAA8263A}
	EndGlobalSection
EndGlobal
